
Microsoft Visual Studio Solution File, Format Version 12.00
# Visual Studio Version 16
VisualStudioVersion = 16.0.31321.278
MinimumVisualStudioVersion = 10.0.40219.1
Project("{FAE04EC0-301F-11D3-BF4B-00C04F79EFBC}") = "cric_buzz", "cric_buzz\cric_buzz.csproj", "{AB486DF3-98B8-462B-B092-395F9A08A55C}"
EndProject
Global
	GlobalSection(SolutionConfigurationPlatforms) = preSolution
		Debug|Any CPU = Debug|Any CPU
		Release|Any CPU = Release|Any CPU
	EndGlobalSection
	GlobalSection(ProjectConfigurationPlatforms) = postSolution
		{AB486DF3-98B8-462B-B092-395F9A08A55C}.Debug|Any CPU.ActiveCfg = Debug|Any CPU
		{AB486DF3-98B8-462B-B092-395F9A08A55C}.Debug|Any CPU.Build.0 = Debug|Any CPU
		{AB486DF3-98B8-462B-B092-395F9A08A55C}.Release|Any CPU.ActiveCfg = Release|Any CPU
		{AB486DF3-98B8-462B-B092-395F9A08A55C}.Release|Any CPU.Build.0 = Release|Any CPU
	EndGlobalSection
	GlobalSection(SolutionProperties) = preSolution
		HideSolutionNode = FALSE
	EndGlobalSection
	GlobalSection(ExtensibilityGlobals) = postSolution
		SolutionGuid = {C401A9B4-4E48-4AEF-BED0-DEB4CB73321E}
	EndGlobalSection
EndGlobal
